
Microsoft Visual Studio Solution File, Format Version 12.00
# Visual Studio Version 16
VisualStudioVersion = 16.0.29709.97
MinimumVisualStudioVersion = 10.0.40219.1
Project("{FAE04EC0-301F-11D3-BF4B-00C04F79EFBC}") = "OdeToFood", "OdeToFood\OdeToFood.csproj", "{0C713209-080B-4A41-A851-B7C63EAB1C4D}"
EndProject
Global
	GlobalSection(SolutionConfigurationPlatforms) = preSolution
		Debug|Any CPU = Debug|Any CPU
		Release|Any CPU = Release|Any CPU
	EndGlobalSection
	GlobalSection(ProjectConfigurationPlatforms) = postSolution
		{0C713209-080B-4A41-A851-B7C63EAB1C4D}.Debug|Any CPU.ActiveCfg = Debug|Any CPU
		{0C713209-080B-4A41-A851-B7C63EAB1C4D}.Debug|Any CPU.Build.0 = Debug|Any CPU
		{0C713209-080B-4A41-A851-B7C63EAB1C4D}.Release|Any CPU.ActiveCfg = Release|Any CPU
		{0C713209-080B-4A41-A851-B7C63EAB1C4D}.Release|Any CPU.Build.0 = Release|Any CPU
	EndGlobalSection
	GlobalSection(SolutionProperties) = preSolution
		HideSolutionNode = FALSE
	EndGlobalSection
	GlobalSection(ExtensibilityGlobals) = postSolution
		SolutionGuid = {D75A03F9-2237-4CAF-B71B-664151FA2478}
	EndGlobalSection
EndGlobal
