
Microsoft Visual Studio Solution File, Format Version 12.00
# Visual Studio Version 16
VisualStudioVersion = 16.0.29709.97
MinimumVisualStudioVersion = 10.0.40219.1
Project("{9A19103F-16F7-4668-BE54-9A1E7A4F7556}") = "OdeToFood", "OdeToFood\OdeToFood.csproj", "{0C713209-080B-4A41-A851-B7C63EAB1C4D}"
EndProject
Project("{FAE04EC0-301F-11D3-BF4B-00C04F79EFBC}") = "OdeToFood.Core", "OdeToFood.Core\OdeToFood.Core.csproj", "{22C8C6CA-0790-4206-8C45-32E84894C655}"
EndProject
Project("{FAE04EC0-301F-11D3-BF4B-00C04F79EFBC}") = "OdeToFood.Data", "OdeToFood.Data\OdeToFood.Data.csproj", "{10CBBB1C-AA9D-46D3-A596-D4540CA2A689}"
EndProject
Global
	GlobalSection(SolutionConfigurationPlatforms) = preSolution
		Debug|Any CPU = Debug|Any CPU
		Release|Any CPU = Release|Any CPU
	EndGlobalSection
	GlobalSection(ProjectConfigurationPlatforms) = postSolution
		{0C713209-080B-4A41-A851-B7C63EAB1C4D}.Debug|Any CPU.ActiveCfg = Debug|Any CPU
		{0C713209-080B-4A41-A851-B7C63EAB1C4D}.Debug|Any CPU.Build.0 = Debug|Any CPU
		{0C713209-080B-4A41-A851-B7C63EAB1C4D}.Release|Any CPU.ActiveCfg = Release|Any CPU
		{0C713209-080B-4A41-A851-B7C63EAB1C4D}.Release|Any CPU.Build.0 = Release|Any CPU
		{22C8C6CA-0790-4206-8C45-32E84894C655}.Debug|Any CPU.ActiveCfg = Debug|Any CPU
		{22C8C6CA-0790-4206-8C45-32E84894C655}.Debug|Any CPU.Build.0 = Debug|Any CPU
		{22C8C6CA-0790-4206-8C45-32E84894C655}.Release|Any CPU.ActiveCfg = Release|Any CPU
		{22C8C6CA-0790-4206-8C45-32E84894C655}.Release|Any CPU.Build.0 = Release|Any CPU
		{10CBBB1C-AA9D-46D3-A596-D4540CA2A689}.Debug|Any CPU.ActiveCfg = Debug|Any CPU
		{10CBBB1C-AA9D-46D3-A596-D4540CA2A689}.Debug|Any CPU.Build.0 = Debug|Any CPU
		{10CBBB1C-AA9D-46D3-A596-D4540CA2A689}.Release|Any CPU.ActiveCfg = Release|Any CPU
		{10CBBB1C-AA9D-46D3-A596-D4540CA2A689}.Release|Any CPU.Build.0 = Release|Any CPU
	EndGlobalSection
	GlobalSection(SolutionProperties) = preSolution
		HideSolutionNode = FALSE
	EndGlobalSection
	GlobalSection(ExtensibilityGlobals) = postSolution
		SolutionGuid = {D75A03F9-2237-4CAF-B71B-664151FA2478}
	EndGlobalSection
EndGlobal
